
Microsoft Visual Studio Solution File, Format Version 12.00
# Visual Studio Version 16
VisualStudioVersion = 16.0.28803.352
MinimumVisualStudioVersion = 10.0.40219.1
Project("{9A19103F-16F7-4668-BE54-9A1E7A4F7556}") = "TrackChange.Fody", "TrackChange.Fody\TrackChange.Fody.csproj", "{8F8DD26C-151D-4866-BEEC-589A08F6EBE2}"
EndProject
Project("{9A19103F-16F7-4668-BE54-9A1E7A4F7556}") = "TrackChange", "TrackChange\TrackChange.csproj", "{F70A940C-FFB3-4B69-9F07-53E33E7C1226}"
EndProject
Project("{2150E333-8FDC-42A3-9474-1A3956D46DE8}") = "Solution Items", "Solution Items", "{6A6187AA-271B-4619-9994-EBDB0A370193}"
	ProjectSection(SolutionItems) = preProject
		Directory.Build.props = Directory.Build.props
	EndProjectSection
EndProject
Project("{9A19103F-16F7-4668-BE54-9A1E7A4F7556}") = "AssemblyToProcess", "AssemblyToProcess\AssemblyToProcess.csproj", "{A68102D0-881A-46FC-BCD5-2660BEE5CA60}"
EndProject
Project("{9A19103F-16F7-4668-BE54-9A1E7A4F7556}") = "Tests", "Tests\Tests.csproj", "{5A61FA56-28D8-4398-B82C-B9CFA58007BA}"
EndProject
Project("{2150E333-8FDC-42A3-9474-1A3956D46DE8}") = "Test", "Test", "{629EFEE5-1F6E-42A5-980B-46BB3CAB847B}"
EndProject
Project("{FAE04EC0-301F-11D3-BF4B-00C04F79EFBC}") = "TestBaseClassLib", "TestBaseClassLib\TestBaseClassLib.csproj", "{F06F9E31-7D34-4C21-B9E0-360AD3EB28CB}"
EndProject
Global
	GlobalSection(SolutionConfigurationPlatforms) = preSolution
		Debug|Any CPU = Debug|Any CPU
		Release|Any CPU = Release|Any CPU
	EndGlobalSection
	GlobalSection(ProjectConfigurationPlatforms) = postSolution
		{8F8DD26C-151D-4866-BEEC-589A08F6EBE2}.Debug|Any CPU.ActiveCfg = Debug|Any CPU
		{8F8DD26C-151D-4866-BEEC-589A08F6EBE2}.Debug|Any CPU.Build.0 = Debug|Any CPU
		{8F8DD26C-151D-4866-BEEC-589A08F6EBE2}.Release|Any CPU.ActiveCfg = Release|Any CPU
		{8F8DD26C-151D-4866-BEEC-589A08F6EBE2}.Release|Any CPU.Build.0 = Release|Any CPU
		{F70A940C-FFB3-4B69-9F07-53E33E7C1226}.Debug|Any CPU.ActiveCfg = Debug|Any CPU
		{F70A940C-FFB3-4B69-9F07-53E33E7C1226}.Debug|Any CPU.Build.0 = Debug|Any CPU
		{F70A940C-FFB3-4B69-9F07-53E33E7C1226}.Release|Any CPU.ActiveCfg = Release|Any CPU
		{F70A940C-FFB3-4B69-9F07-53E33E7C1226}.Release|Any CPU.Build.0 = Release|Any CPU
		{A68102D0-881A-46FC-BCD5-2660BEE5CA60}.Debug|Any CPU.ActiveCfg = Debug|Any CPU
		{A68102D0-881A-46FC-BCD5-2660BEE5CA60}.Debug|Any CPU.Build.0 = Debug|Any CPU
		{A68102D0-881A-46FC-BCD5-2660BEE5CA60}.Release|Any CPU.ActiveCfg = Release|Any CPU
		{A68102D0-881A-46FC-BCD5-2660BEE5CA60}.Release|Any CPU.Build.0 = Release|Any CPU
		{5A61FA56-28D8-4398-B82C-B9CFA58007BA}.Debug|Any CPU.ActiveCfg = Debug|Any CPU
		{5A61FA56-28D8-4398-B82C-B9CFA58007BA}.Debug|Any CPU.Build.0 = Debug|Any CPU
		{5A61FA56-28D8-4398-B82C-B9CFA58007BA}.Release|Any CPU.ActiveCfg = Release|Any CPU
		{5A61FA56-28D8-4398-B82C-B9CFA58007BA}.Release|Any CPU.Build.0 = Release|Any CPU
		{F06F9E31-7D34-4C21-B9E0-360AD3EB28CB}.Debug|Any CPU.ActiveCfg = Debug|Any CPU
		{F06F9E31-7D34-4C21-B9E0-360AD3EB28CB}.Debug|Any CPU.Build.0 = Debug|Any CPU
		{F06F9E31-7D34-4C21-B9E0-360AD3EB28CB}.Release|Any CPU.ActiveCfg = Release|Any CPU
		{F06F9E31-7D34-4C21-B9E0-360AD3EB28CB}.Release|Any CPU.Build.0 = Release|Any CPU
	EndGlobalSection
	GlobalSection(SolutionProperties) = preSolution
		HideSolutionNode = FALSE
	EndGlobalSection
	GlobalSection(NestedProjects) = preSolution
		{A68102D0-881A-46FC-BCD5-2660BEE5CA60} = {629EFEE5-1F6E-42A5-980B-46BB3CAB847B}
		{5A61FA56-28D8-4398-B82C-B9CFA58007BA} = {629EFEE5-1F6E-42A5-980B-46BB3CAB847B}
		{F06F9E31-7D34-4C21-B9E0-360AD3EB28CB} = {629EFEE5-1F6E-42A5-980B-46BB3CAB847B}
	EndGlobalSection
	GlobalSection(ExtensibilityGlobals) = postSolution
		SolutionGuid = {90037076-A866-44BC-99B2-BE1C757AAAFB}
	EndGlobalSection
EndGlobal
